
Microsoft Visual Studio Solution File, Format Version 12.00
# Visual Studio Version 17
VisualStudioVersion = 17.10.34916.146
MinimumVisualStudioVersion = 10.0.40219.1
Project("{FAE04EC0-301F-11D3-BF4B-00C04F79EFBC}") = "ConsoleMagazzino", "ConsoleMagazzino\ConsoleMagazzino.csproj", "{83BAE939-C30F-405D-9AF7-DEA394350042}"
EndProject
Global
	GlobalSection(SolutionConfigurationPlatforms) = preSolution
		Debug|Any CPU = Debug|Any CPU
		Release|Any CPU = Release|Any CPU
	EndGlobalSection
	GlobalSection(ProjectConfigurationPlatforms) = postSolution
		{83BAE939-C30F-405D-9AF7-DEA394350042}.Debug|Any CPU.ActiveCfg = Debug|Any CPU
		{83BAE939-C30F-405D-9AF7-DEA394350042}.Debug|Any CPU.Build.0 = Debug|Any CPU
		{83BAE939-C30F-405D-9AF7-DEA394350042}.Release|Any CPU.ActiveCfg = Release|Any CPU
		{83BAE939-C30F-405D-9AF7-DEA394350042}.Release|Any CPU.Build.0 = Release|Any CPU
	EndGlobalSection
	GlobalSection(SolutionProperties) = preSolution
		HideSolutionNode = FALSE
	EndGlobalSection
	GlobalSection(ExtensibilityGlobals) = postSolution
		SolutionGuid = {DF0FD5B6-0BFA-4F6C-8507-C184E0D1D16C}
	EndGlobalSection
EndGlobal
